{
    "_readme": [
        "This file locks the dependencies of your project to a known state",
        "Read more about it at http://getcomposer.org/doc/01-basic-usage.md#composer-lock-the-lock-file",
        "This file is @generated automatically"
    ],
    "hash": "cf6f6c729d78f76305dee541bf88389b",
    "packages": [
        {
            "name": "ganymed-components",
            "version": "dev-master",
            "source": {
                "type": "git",
                "url": "https://github.com/swengorschewski/ganymed-components.git",
                "reference": "9b00628a934d28158deb794b170a77c450504215"
            },
            "dist": {
                "type": "zip",
                "url": "https://api.github.com/repos/swengorschewski/ganymed-components/zipball/9b00628a934d28158deb794b170a77c450504215",
                "reference": "9b00628a934d28158deb794b170a77c450504215",
                "shasum": ""
            },
            "require-dev": {
                "phpunit/phpunit": "~4.5.0"
            },
            "type": "library",
            "autoload": {
                "psr-4": {
                    "Ganymed\\": "src/"
                }
            },
            "license": [
                "MIT"
            ],
            "authors": [
                {
                    "name": "Swen Gorschewski",
                    "email": "swen.gorschewski@gmail.com"
                }
            ],
            "description": "Components for a simple PHP framework",
            "support": {
                "source": "https://github.com/swengorschewski/ganymed-components/tree/master",
                "issues": "https://github.com/swengorschewski/ganymed-components/issues"
            },
            "time": "2015-03-02 14:36:17"
        }
    ],
    "packages-dev": [],
    "aliases": [],
    "minimum-stability": "dev",
    "stability-flags": {
        "ganymed-components": 20
    },
    "prefer-stable": false,
    "prefer-lowest": false,
    "platform": [],
    "platform-dev": []
}
